PODS:
  - Aspects (1.4.1)
  - AXIndicatorView (0.1.1)
  - AXNavigationBackItemInjection (0.0.2)
  - AXPracticalHUD (2.0.2):
    - AXIndicatorView

DEPENDENCIES:
  - Aspects
  - AXNavigationBackItemInjection
  - AXPracticalHUD

SPEC REPOS:
  trunk:
    - Aspects
    - AXIndicatorView
    - AXNavigationBackItemInjection
    - AXPracticalHUD

SPEC CHECKSUMS:
  Aspects: 7595ba96a6727a58ebcbfc954497fc5d2fdde546
  AXIndicatorView: 566b490a2dd9781d4ffbcc9752be9b9cdc6e728e
  AXNavigationBackItemInjection: efe0446967f3cbcc85a9118decd1e145138912dd
  AXPracticalHUD: 16c3ff6d97c061e80e80897b2e6ac8e330079472

PODFILE CHECKSUM: 7fe389bbba1e22e87649c3177ddbe9eb8ab7ceb0

COCOAPODS: 1.9.1
